{
  "name": "@cv/test-package",
  "version": "1.1.2",
  "lockfileVersion": 1,
  "requires": true,
  "dependencies": {
    "@cv/test-package-2": {
      "version": "1.0.1",
      "resolved": "https://pkgs.dev.azure.com/iqmetrix/_packaging/iqmetrix/npm/registry/@cv/test-package-2/-/test-package-2-1.0.1.tgz",
      "integrity": "sha1-UQzs6PsyeM02xcoPk17ibKqNKfs="
    }
  }
}
